
Terraform used the selected providers to generate the following execution
plan. Resource actions are indicated with the following symbols:
  [32m+[0m create[0m

Terraform will perform the following actions:

[1m  # google_composer_environment.cloud_composer_env_creation[0m will be created
[0m  [32m+[0m[0m resource "google_composer_environment" "cloud_composer_env_creation" {
      [32m+[0m[0m effective_labels = {
          [32m+[0m[0m "goog-terraform-provisioned" = "true"
        }
      [32m+[0m[0m id               = (known after apply)
      [32m+[0m[0m name             = "corporacion-sales-prediction-cc3"
      [32m+[0m[0m project          = "corporacion-sales-prediction"
      [32m+[0m[0m region           = "europe-west1"
      [32m+[0m[0m terraform_labels = {
          [32m+[0m[0m "goog-terraform-provisioned" = "true"
        }

      [32m+[0m[0m config {
          [32m+[0m[0m airflow_uri                = (known after apply)
          [32m+[0m[0m dag_gcs_prefix             = (known after apply)
          [32m+[0m[0m enable_private_builds_only = (known after apply)
          [32m+[0m[0m enable_private_environment = (known after apply)
          [32m+[0m[0m environment_size           = "ENVIRONMENT_SIZE_MEDIUM"
          [32m+[0m[0m gke_cluster                = (known after apply)
          [32m+[0m[0m node_count                 = (known after apply)
          [32m+[0m[0m resilience_mode            = (known after apply)

          [32m+[0m[0m data_retention_config (known after apply)

          [32m+[0m[0m database_config (known after apply)

          [32m+[0m[0m encryption_config (known after apply)

          [32m+[0m[0m maintenance_window (known after apply)

          [32m+[0m[0m node_config {
              [32m+[0m[0m composer_internal_ipv4_cidr_block = (known after apply)
              [32m+[0m[0m composer_network_attachment       = (known after apply)
              [32m+[0m[0m disk_size_gb                      = (known after apply)
              [32m+[0m[0m enable_ip_masq_agent              = (known after apply)
              [32m+[0m[0m machine_type                      = (known after apply)
              [32m+[0m[0m max_pods_per_node                 = (known after apply)
              [32m+[0m[0m network                           = "corpor-sales-vpc"
              [32m+[0m[0m oauth_scopes                      = (known after apply)
              [32m+[0m[0m service_account                   = "corpor-sales-sa@corporacion-sales-prediction.iam.gserviceaccount.com"
              [32m+[0m[0m subnetwork                        = "corpor-sales-subnet"
              [32m+[0m[0m zone                              = (known after apply)

              [32m+[0m[0m ip_allocation_policy {
                  [32m+[0m[0m cluster_secondary_range_name  = "pods"
                  [32m+[0m[0m services_secondary_range_name = "services"
                }
            }

          [32m+[0m[0m private_environment_config (known after apply)

          [32m+[0m[0m software_config {
              [32m+[0m[0m env_variables           = {
                  [32m+[0m[0m "AIRFLOW_VAR_PROJECT_ID"  = "corporacion-sales-prediction"
                  [32m+[0m[0m "AIRFLOW_VAR_PROJECT_NBR" = "641599860207"
                  [32m+[0m[0m "AIRFLOW_VAR_REGION"      = "europe-west1"
                  [32m+[0m[0m "AIRFLOW_VAR_SUBNET"      = "corpor-sales-subnet"
                  [32m+[0m[0m "AIRFLOW_VAR_UMSA_FQN"    = "corpor-sales-sa@corporacion-sales-prediction.iam.gserviceaccount.com"
                }
              [32m+[0m[0m image_version           = "composer-3-airflow-2.10.5"
              [32m+[0m[0m python_version          = (known after apply)
              [32m+[0m[0m scheduler_count         = (known after apply)
              [32m+[0m[0m web_server_plugins_mode = (known after apply)

              [32m+[0m[0m cloud_data_lineage_integration (known after apply)
            }

          [32m+[0m[0m web_server_config (known after apply)

          [32m+[0m[0m web_server_network_access_control (known after apply)

          [32m+[0m[0m workloads_config {
              [32m+[0m[0m dag_processor (known after apply)
              [32m+[0m[0m scheduler {
                  [32m+[0m[0m count      = 1
                  [32m+[0m[0m cpu        = 2
                  [32m+[0m[0m memory_gb  = 4
                  [32m+[0m[0m storage_gb = 20
                }
              [32m+[0m[0m triggerer (known after apply)
              [32m+[0m[0m web_server {
                  [32m+[0m[0m cpu        = 1
                  [32m+[0m[0m memory_gb  = 2
                  [32m+[0m[0m storage_gb = 10
                }
              [32m+[0m[0m worker {
                  [32m+[0m[0m cpu        = 4
                  [32m+[0m[0m max_count  = 6
                  [32m+[0m[0m memory_gb  = 8
                  [32m+[0m[0m min_count  = 3
                  [32m+[0m[0m storage_gb = 50
                }
            }
        }

      [32m+[0m[0m storage_config (known after apply)
    }

[1m  # google_compute_firewall.allow_ingress_on_tcp[0m will be created
[0m  [32m+[0m[0m resource "google_compute_firewall" "allow_ingress_on_tcp" {
      [32m+[0m[0m creation_timestamp = (known after apply)
      [32m+[0m[0m description        = "allow ingress traffic from within subnet to services listen on port 5432"
      [32m+[0m[0m destination_ranges = (known after apply)
      [32m+[0m[0m direction          = "INGRESS"
      [32m+[0m[0m enable_logging     = (known after apply)
      [32m+[0m[0m id                 = (known after apply)
      [32m+[0m[0m name               = "allow-intra-to-tcp"
      [32m+[0m[0m network            = "corpor-sales-vpc"
      [32m+[0m[0m priority           = 1000
      [32m+[0m[0m project            = "corporacion-sales-prediction"
      [32m+[0m[0m self_link          = (known after apply)
      [32m+[0m[0m source_ranges      = [
          [32m+[0m[0m "10.0.0.0/16",
        ]

      [32m+[0m[0m allow {
          [32m+[0m[0m ports    = [
              [32m+[0m[0m "5432",
            ]
          [32m+[0m[0m protocol = "tcp"
        }
    }

[1m  # google_compute_global_address.reserved_ip_for_psa[0m will be created
[0m  [32m+[0m[0m resource "google_compute_global_address" "reserved_ip_for_psa" {
      [32m+[0m[0m address            = (known after apply)
      [32m+[0m[0m address_type       = "INTERNAL"
      [32m+[0m[0m creation_timestamp = (known after apply)
      [32m+[0m[0m effective_labels   = {
          [32m+[0m[0m "goog-terraform-provisioned" = "true"
        }
      [32m+[0m[0m id                 = (known after apply)
      [32m+[0m[0m label_fingerprint  = (known after apply)
      [32m+[0m[0m name               = "psa-ips"
      [32m+[0m[0m network            = "projects/corporacion-sales-prediction/global/networks/corpor-sales-vpc"
      [32m+[0m[0m prefix_length      = 16
      [32m+[0m[0m project            = "corporacion-sales-prediction"
      [32m+[0m[0m purpose            = "VPC_PEERING"
      [32m+[0m[0m self_link          = (known after apply)
      [32m+[0m[0m terraform_labels   = {
          [32m+[0m[0m "goog-terraform-provisioned" = "true"
        }
    }

[1m  # google_project_iam_member.composer_roles["roles/artifactregistry.reader"][0m will be created
[0m  [32m+[0m[0m resource "google_project_iam_member" "composer_roles" {
      [32m+[0m[0m etag    = (known after apply)
      [32m+[0m[0m id      = (known after apply)
      [32m+[0m[0m member  = "serviceAccount:corpor-sales-sa@corporacion-sales-prediction.iam.gserviceaccount.com"
      [32m+[0m[0m project = "corporacion-sales-prediction"
      [32m+[0m[0m role    = "roles/artifactregistry.reader"
    }

[1m  # google_project_iam_member.composer_roles["roles/composer.admin"][0m will be created
[0m  [32m+[0m[0m resource "google_project_iam_member" "composer_roles" {
      [32m+[0m[0m etag    = (known after apply)
      [32m+[0m[0m id      = (known after apply)
      [32m+[0m[0m member  = "serviceAccount:corpor-sales-sa@corporacion-sales-prediction.iam.gserviceaccount.com"
      [32m+[0m[0m project = "corporacion-sales-prediction"
      [32m+[0m[0m role    = "roles/composer.admin"
    }

[1m  # google_project_iam_member.composer_roles["roles/composer.worker"][0m will be created
[0m  [32m+[0m[0m resource "google_project_iam_member" "composer_roles" {
      [32m+[0m[0m etag    = (known after apply)
      [32m+[0m[0m id      = (known after apply)
      [32m+[0m[0m member  = "serviceAccount:corpor-sales-sa@corporacion-sales-prediction.iam.gserviceaccount.com"
      [32m+[0m[0m project = "corporacion-sales-prediction"
      [32m+[0m[0m role    = "roles/composer.worker"
    }

[1m  # google_project_iam_member.composer_roles["roles/compute.networkAdmin"][0m will be created
[0m  [32m+[0m[0m resource "google_project_iam_member" "composer_roles" {
      [32m+[0m[0m etag    = (known after apply)
      [32m+[0m[0m id      = (known after apply)
      [32m+[0m[0m member  = "serviceAccount:corpor-sales-sa@corporacion-sales-prediction.iam.gserviceaccount.com"
      [32m+[0m[0m project = "corporacion-sales-prediction"
      [32m+[0m[0m role    = "roles/compute.networkAdmin"
    }

[1m  # google_project_iam_member.composer_roles["roles/container.clusterViewer"][0m will be created
[0m  [32m+[0m[0m resource "google_project_iam_member" "composer_roles" {
      [32m+[0m[0m etag    = (known after apply)
      [32m+[0m[0m id      = (known after apply)
      [32m+[0m[0m member  = "serviceAccount:corpor-sales-sa@corporacion-sales-prediction.iam.gserviceaccount.com"
      [32m+[0m[0m project = "corporacion-sales-prediction"
      [32m+[0m[0m role    = "roles/container.clusterViewer"
    }

[1m  # google_project_iam_member.composer_roles["roles/iam.serviceAccountAdmin"][0m will be created
[0m  [32m+[0m[0m resource "google_project_iam_member" "composer_roles" {
      [32m+[0m[0m etag    = (known after apply)
      [32m+[0m[0m id      = (known after apply)
      [32m+[0m[0m member  = "serviceAccount:corpor-sales-sa@corporacion-sales-prediction.iam.gserviceaccount.com"
      [32m+[0m[0m project = "corporacion-sales-prediction"
      [32m+[0m[0m role    = "roles/iam.serviceAccountAdmin"
    }

[1m  # google_project_iam_member.composer_roles["roles/logging.admin"][0m will be created
[0m  [32m+[0m[0m resource "google_project_iam_member" "composer_roles" {
      [32m+[0m[0m etag    = (known after apply)
      [32m+[0m[0m id      = (known after apply)
      [32m+[0m[0m member  = "serviceAccount:corpor-sales-sa@corporacion-sales-prediction.iam.gserviceaccount.com"
      [32m+[0m[0m project = "corporacion-sales-prediction"
      [32m+[0m[0m role    = "roles/logging.admin"
    }

[1m  # google_project_iam_member.composer_roles["roles/storage.admin"][0m will be created
[0m  [32m+[0m[0m resource "google_project_iam_member" "composer_roles" {
      [32m+[0m[0m etag    = (known after apply)
      [32m+[0m[0m id      = (known after apply)
      [32m+[0m[0m member  = "serviceAccount:corpor-sales-sa@corporacion-sales-prediction.iam.gserviceaccount.com"
      [32m+[0m[0m project = "corporacion-sales-prediction"
      [32m+[0m[0m role    = "roles/storage.admin"
    }

[1m  # google_project_service.enable_composer_required_apis["cloudresourcemanager.googleapis.com"][0m will be created
[0m  [32m+[0m[0m resource "google_project_service" "enable_composer_required_apis" {
      [32m+[0m[0m disable_dependent_services = true
      [32m+[0m[0m disable_on_destroy         = true
      [32m+[0m[0m id                         = (known after apply)
      [32m+[0m[0m project                    = "corporacion-sales-prediction"
      [32m+[0m[0m service                    = "cloudresourcemanager.googleapis.com"
    }

[1m  # google_project_service.enable_composer_required_apis["composer.googleapis.com"][0m will be created
[0m  [32m+[0m[0m resource "google_project_service" "enable_composer_required_apis" {
      [32m+[0m[0m disable_dependent_services = true
      [32m+[0m[0m disable_on_destroy         = true
      [32m+[0m[0m id                         = (known after apply)
      [32m+[0m[0m project                    = "corporacion-sales-prediction"
      [32m+[0m[0m service                    = "composer.googleapis.com"
    }

[1m  # google_project_service.enable_composer_required_apis["compute.googleapis.com"][0m will be created
[0m  [32m+[0m[0m resource "google_project_service" "enable_composer_required_apis" {
      [32m+[0m[0m disable_dependent_services = true
      [32m+[0m[0m disable_on_destroy         = true
      [32m+[0m[0m id                         = (known after apply)
      [32m+[0m[0m project                    = "corporacion-sales-prediction"
      [32m+[0m[0m service                    = "compute.googleapis.com"
    }

[1m  # google_project_service.enable_composer_required_apis["container.googleapis.com"][0m will be created
[0m  [32m+[0m[0m resource "google_project_service" "enable_composer_required_apis" {
      [32m+[0m[0m disable_dependent_services = true
      [32m+[0m[0m disable_on_destroy         = true
      [32m+[0m[0m id                         = (known after apply)
      [32m+[0m[0m project                    = "corporacion-sales-prediction"
      [32m+[0m[0m service                    = "container.googleapis.com"
    }

[1m  # google_project_service.enable_composer_required_apis["iam.googleapis.com"][0m will be created
[0m  [32m+[0m[0m resource "google_project_service" "enable_composer_required_apis" {
      [32m+[0m[0m disable_dependent_services = true
      [32m+[0m[0m disable_on_destroy         = true
      [32m+[0m[0m id                         = (known after apply)
      [32m+[0m[0m project                    = "corporacion-sales-prediction"
      [32m+[0m[0m service                    = "iam.googleapis.com"
    }

[1m  # google_project_service.enable_composer_required_apis["servicenetworking.googleapis.com"][0m will be created
[0m  [32m+[0m[0m resource "google_project_service" "enable_composer_required_apis" {
      [32m+[0m[0m disable_dependent_services = true
      [32m+[0m[0m disable_on_destroy         = true
      [32m+[0m[0m id                         = (known after apply)
      [32m+[0m[0m project                    = "corporacion-sales-prediction"
      [32m+[0m[0m service                    = "servicenetworking.googleapis.com"
    }

[1m  # google_project_service.enable_composer_required_apis["sqladmin.googleapis.com"][0m will be created
[0m  [32m+[0m[0m resource "google_project_service" "enable_composer_required_apis" {
      [32m+[0m[0m disable_dependent_services = true
      [32m+[0m[0m disable_on_destroy         = true
      [32m+[0m[0m id                         = (known after apply)
      [32m+[0m[0m project                    = "corporacion-sales-prediction"
      [32m+[0m[0m service                    = "sqladmin.googleapis.com"
    }

[1m  # google_project_service.enable_composer_required_apis["storage.googleapis.com"][0m will be created
[0m  [32m+[0m[0m resource "google_project_service" "enable_composer_required_apis" {
      [32m+[0m[0m disable_dependent_services = true
      [32m+[0m[0m disable_on_destroy         = true
      [32m+[0m[0m id                         = (known after apply)
      [32m+[0m[0m project                    = "corporacion-sales-prediction"
      [32m+[0m[0m service                    = "storage.googleapis.com"
    }

[1m  # google_project_service.enable_resource_manager[0m will be created
[0m  [32m+[0m[0m resource "google_project_service" "enable_resource_manager" {
      [32m+[0m[0m disable_dependent_services = true
      [32m+[0m[0m disable_on_destroy         = true
      [32m+[0m[0m id                         = (known after apply)
      [32m+[0m[0m project                    = "corporacion-sales-prediction"
      [32m+[0m[0m service                    = "cloudresourcemanager.googleapis.com"
    }

[1m  # google_service_networking_connection.private_connection_with_service_networking[0m will be created
[0m  [32m+[0m[0m resource "google_service_networking_connection" "private_connection_with_service_networking" {
      [32m+[0m[0m id                      = (known after apply)
      [32m+[0m[0m network                 = "projects/corporacion-sales-prediction/global/networks/corpor-sales-vpc"
      [32m+[0m[0m peering                 = (known after apply)
      [32m+[0m[0m reserved_peering_ranges = [
          [32m+[0m[0m "psa-ips",
        ]
      [32m+[0m[0m service                 = "servicenetworking.googleapis.com"
    }

[1m  # time_sleep.wait_for_composer_apis[0m will be created
[0m  [32m+[0m[0m resource "time_sleep" "wait_for_composer_apis" {
      [32m+[0m[0m create_duration = "180s"
      [32m+[0m[0m id              = (known after apply)
    }

[1m  # time_sleep.wait_for_network_and_firewall_creation[0m will be created
[0m  [32m+[0m[0m resource "time_sleep" "wait_for_network_and_firewall_creation" {
      [32m+[0m[0m create_duration = "120s"
      [32m+[0m[0m id              = (known after apply)
    }

[1m  # time_sleep.wait_for_roles[0m will be created
[0m  [32m+[0m[0m resource "time_sleep" "wait_for_roles" {
      [32m+[0m[0m create_duration = "120s"
      [32m+[0m[0m id              = (known after apply)
    }

[1m  # module.vpc_creation.module.subnets.google_compute_subnetwork.subnetwork["europe-west1/corpor-sales-subnet"][0m will be created
[0m  [32m+[0m[0m resource "google_compute_subnetwork" "subnetwork" {
      [32m+[0m[0m creation_timestamp         = (known after apply)
      [32m+[0m[0m enable_flow_logs           = (known after apply)
      [32m+[0m[0m external_ipv6_prefix       = (known after apply)
      [32m+[0m[0m fingerprint                = (known after apply)
      [32m+[0m[0m gateway_address            = (known after apply)
      [32m+[0m[0m id                         = (known after apply)
      [32m+[0m[0m internal_ipv6_prefix       = (known after apply)
      [32m+[0m[0m ip_cidr_range              = "10.0.0.0/16"
      [32m+[0m[0m ipv6_cidr_range            = (known after apply)
      [32m+[0m[0m ipv6_gce_endpoint          = (known after apply)
      [32m+[0m[0m name                       = "corpor-sales-subnet"
      [32m+[0m[0m network                    = "corpor-sales-vpc"
      [32m+[0m[0m private_ip_google_access   = true
      [32m+[0m[0m private_ipv6_google_access = (known after apply)
      [32m+[0m[0m project                    = "corporacion-sales-prediction"
      [32m+[0m[0m purpose                    = (known after apply)
      [32m+[0m[0m region                     = "europe-west1"
      [32m+[0m[0m self_link                  = (known after apply)
      [32m+[0m[0m stack_type                 = (known after apply)
      [32m+[0m[0m state                      = (known after apply)
      [32m+[0m[0m subnetwork_id              = (known after apply)

      [32m+[0m[0m secondary_ip_range {
          [32m+[0m[0m ip_cidr_range = "10.2.0.0/22"
          [32m+[0m[0m range_name    = "services"
        }
    }

[1m  # module.vpc_creation.module.vpc.google_compute_network.network[0m will be created
[0m  [32m+[0m[0m resource "google_compute_network" "network" {
      [32m+[0m[0m auto_create_subnetworks                   = false
      [32m+[0m[0m bgp_always_compare_med                    = false
      [32m+[0m[0m bgp_best_path_selection_mode              = "LEGACY"
      [32m+[0m[0m bgp_inter_region_cost                     = (known after apply)
      [32m+[0m[0m delete_default_routes_on_create           = false
      [32m+[0m[0m enable_ula_internal_ipv6                  = false
      [32m+[0m[0m gateway_ipv4                              = (known after apply)
      [32m+[0m[0m id                                        = (known after apply)
      [32m+[0m[0m internal_ipv6_range                       = (known after apply)
      [32m+[0m[0m mtu                                       = 0
      [32m+[0m[0m name                                      = "corpor-sales-vpc"
      [32m+[0m[0m network_firewall_policy_enforcement_order = "AFTER_CLASSIC_FIREWALL"
      [32m+[0m[0m network_id                                = (known after apply)
      [32m+[0m[0m numeric_id                                = (known after apply)
      [32m+[0m[0m project                                   = "corporacion-sales-prediction"
      [32m+[0m[0m routing_mode                              = "GLOBAL"
      [32m+[0m[0m self_link                                 = (known after apply)
        [90m# (1 unchanged attribute hidden)[0m[0m
    }

[1mPlan:[0m 26 to add, 0 to change, 0 to destroy.
[0m[0m[1mgoogle_project_service.enable_resource_manager: Creating...[0m[0m
[0m[1mgoogle_project_service.enable_resource_manager: Still creating... [10s elapsed][0m[0m
[0m[1mgoogle_project_service.enable_resource_manager: Still creating... [20s elapsed][0m[0m
[0m[1mgoogle_project_service.enable_resource_manager: Creation complete after 23s [id=corporacion-sales-prediction/cloudresourcemanager.googleapis.com][0m
[0m[1mgoogle_project_service.enable_composer_required_apis["cloudresourcemanager.googleapis.com"]: Creating...[0m[0m
[0m[1mgoogle_project_service.enable_composer_required_apis["container.googleapis.com"]: Creating...[0m[0m
[0m[1mgoogle_project_service.enable_composer_required_apis["compute.googleapis.com"]: Creating...[0m[0m
[0m[1mgoogle_project_service.enable_composer_required_apis["storage.googleapis.com"]: Creating...[0m[0m
[0m[1mgoogle_project_service.enable_composer_required_apis["composer.googleapis.com"]: Creating...[0m[0m
[0m[1mgoogle_project_service.enable_composer_required_apis["iam.googleapis.com"]: Creating...[0m[0m
[0m[1mgoogle_project_service.enable_composer_required_apis["sqladmin.googleapis.com"]: Creating...[0m[0m
[0m[1mgoogle_project_service.enable_composer_required_apis["servicenetworking.googleapis.com"]: Creating...[0m[0m
[0m[1mgoogle_project_service.enable_composer_required_apis["storage.googleapis.com"]: Creation complete after 4s [id=corporacion-sales-prediction/storage.googleapis.com][0m
[0m[1mgoogle_project_service.enable_composer_required_apis["iam.googleapis.com"]: Creation complete after 4s [id=corporacion-sales-prediction/iam.googleapis.com][0m
[0m[1mgoogle_project_service.enable_composer_required_apis["cloudresourcemanager.googleapis.com"]: Creation complete after 4s [id=corporacion-sales-prediction/cloudresourcemanager.googleapis.com][0m
[0m[1mgoogle_project_service.enable_composer_required_apis["compute.googleapis.com"]: Creation complete after 4s [id=corporacion-sales-prediction/compute.googleapis.com][0m
[0m[1mgoogle_project_service.enable_composer_required_apis["composer.googleapis.com"]: Still creating... [10s elapsed][0m[0m
[0m[1mgoogle_project_service.enable_composer_required_apis["sqladmin.googleapis.com"]: Still creating... [10s elapsed][0m[0m
[0m[1mgoogle_project_service.enable_composer_required_apis["container.googleapis.com"]: Still creating... [10s elapsed][0m[0m
[0m[1mgoogle_project_service.enable_composer_required_apis["servicenetworking.googleapis.com"]: Still creating... [10s elapsed][0m[0m
[0m[1mgoogle_project_service.enable_composer_required_apis["sqladmin.googleapis.com"]: Still creating... [20s elapsed][0m[0m
[0m[1mgoogle_project_service.enable_composer_required_apis["servicenetworking.googleapis.com"]: Still creating... [20s elapsed][0m[0m
[0m[1mgoogle_project_service.enable_composer_required_apis["container.googleapis.com"]: Still creating... [20s elapsed][0m[0m
[0m[1mgoogle_project_service.enable_composer_required_apis["composer.googleapis.com"]: Still creating... [20s elapsed][0m[0m
[0m[1mgoogle_project_service.enable_composer_required_apis["container.googleapis.com"]: Creation complete after 22s [id=corporacion-sales-prediction/container.googleapis.com][0m
[0m[1mgoogle_project_service.enable_composer_required_apis["servicenetworking.googleapis.com"]: Creation complete after 22s [id=corporacion-sales-prediction/servicenetworking.googleapis.com][0m
[0m[1mgoogle_project_service.enable_composer_required_apis["sqladmin.googleapis.com"]: Creation complete after 22s [id=corporacion-sales-prediction/sqladmin.googleapis.com][0m
[0m[1mgoogle_project_service.enable_composer_required_apis["composer.googleapis.com"]: Creation complete after 22s [id=corporacion-sales-prediction/composer.googleapis.com][0m
[0m[1mtime_sleep.wait_for_composer_apis: Creating...[0m[0m
[0m[1mtime_sleep.wait_for_composer_apis: Still creating... [10s elapsed][0m[0m
[0m[1mtime_sleep.wait_for_composer_apis: Still creating... [20s elapsed][0m[0m
[0m[1mtime_sleep.wait_for_composer_apis: Still creating... [30s elapsed][0m[0m
[0m[1mtime_sleep.wait_for_composer_apis: Still creating... [40s elapsed][0m[0m
[0m[1mtime_sleep.wait_for_composer_apis: Still creating... [50s elapsed][0m[0m
[0m[1mtime_sleep.wait_for_composer_apis: Still creating... [1m0s elapsed][0m[0m
[0m[1mtime_sleep.wait_for_composer_apis: Still creating... [1m10s elapsed][0m[0m
[0m[1mtime_sleep.wait_for_composer_apis: Still creating... [1m20s elapsed][0m[0m
[0m[1mtime_sleep.wait_for_composer_apis: Still creating... [1m30s elapsed][0m[0m
[0m[1mtime_sleep.wait_for_composer_apis: Still creating... [1m40s elapsed][0m[0m
[0m[1mtime_sleep.wait_for_composer_apis: Still creating... [1m50s elapsed][0m[0m
[0m[1mtime_sleep.wait_for_composer_apis: Still creating... [2m0s elapsed][0m[0m
[0m[1mtime_sleep.wait_for_composer_apis: Still creating... [2m10s elapsed][0m[0m
[0m[1mtime_sleep.wait_for_composer_apis: Still creating... [2m20s elapsed][0m[0m
[0m[1mtime_sleep.wait_for_composer_apis: Still creating... [2m30s elapsed][0m[0m
[0m[1mtime_sleep.wait_for_composer_apis: Still creating... [2m40s elapsed][0m[0m
[0m[1mtime_sleep.wait_for_composer_apis: Still creating... [2m50s elapsed][0m[0m
[0m[1mtime_sleep.wait_for_composer_apis: Creation complete after 3m0s [id=2025-06-07T11:24:15Z][0m
[0m[1mgoogle_project_iam_member.composer_roles["roles/artifactregistry.reader"]: Creating...[0m[0m
[0m[1mgoogle_project_iam_member.composer_roles["roles/compute.networkAdmin"]: Creating...[0m[0m
[0m[1mgoogle_project_iam_member.composer_roles["roles/storage.admin"]: Creating...[0m[0m
[0m[1mgoogle_project_iam_member.composer_roles["roles/composer.admin"]: Creating...[0m[0m
[0m[1mgoogle_project_iam_member.composer_roles["roles/iam.serviceAccountAdmin"]: Creating...[0m[0m
[0m[1mgoogle_project_iam_member.composer_roles["roles/container.clusterViewer"]: Creating...[0m[0m
[0m[1mgoogle_project_iam_member.composer_roles["roles/logging.admin"]: Creating...[0m[0m
[0m[1mgoogle_project_iam_member.composer_roles["roles/composer.worker"]: Creating...[0m[0m
[0m[1mgoogle_project_iam_member.composer_roles["roles/composer.worker"]: Creation complete after 9s [id=corporacion-sales-prediction/roles/composer.worker/serviceAccount:corpor-sales-sa@corporacion-sales-prediction.iam.gserviceaccount.com][0m
[0m[1mgoogle_project_iam_member.composer_roles["roles/artifactregistry.reader"]: Creation complete after 10s [id=corporacion-sales-prediction/roles/artifactregistry.reader/serviceAccount:corpor-sales-sa@corporacion-sales-prediction.iam.gserviceaccount.com][0m
[0m[1mgoogle_project_iam_member.composer_roles["roles/logging.admin"]: Creation complete after 10s [id=corporacion-sales-prediction/roles/logging.admin/serviceAccount:corpor-sales-sa@corporacion-sales-prediction.iam.gserviceaccount.com][0m
[0m[1mgoogle_project_iam_member.composer_roles["roles/compute.networkAdmin"]: Creation complete after 10s [id=corporacion-sales-prediction/roles/compute.networkAdmin/serviceAccount:corpor-sales-sa@corporacion-sales-prediction.iam.gserviceaccount.com][0m
[0m[1mgoogle_project_iam_member.composer_roles["roles/composer.admin"]: Still creating... [10s elapsed][0m[0m
[0m[1mgoogle_project_iam_member.composer_roles["roles/storage.admin"]: Still creating... [10s elapsed][0m[0m
[0m[1mgoogle_project_iam_member.composer_roles["roles/container.clusterViewer"]: Still creating... [10s elapsed][0m[0m
[0m[1mgoogle_project_iam_member.composer_roles["roles/iam.serviceAccountAdmin"]: Still creating... [10s elapsed][0m[0m
[0m[1mgoogle_project_iam_member.composer_roles["roles/composer.admin"]: Creation complete after 11s [id=corporacion-sales-prediction/roles/composer.admin/serviceAccount:corpor-sales-sa@corporacion-sales-prediction.iam.gserviceaccount.com][0m
[0m[1mgoogle_project_iam_member.composer_roles["roles/storage.admin"]: Creation complete after 11s [id=corporacion-sales-prediction/roles/storage.admin/serviceAccount:corpor-sales-sa@corporacion-sales-prediction.iam.gserviceaccount.com][0m
[0m[1mgoogle_project_iam_member.composer_roles["roles/iam.serviceAccountAdmin"]: Creation complete after 11s [id=corporacion-sales-prediction/roles/iam.serviceAccountAdmin/serviceAccount:corpor-sales-sa@corporacion-sales-prediction.iam.gserviceaccount.com][0m
[0m[1mgoogle_project_iam_member.composer_roles["roles/container.clusterViewer"]: Creation complete after 12s [id=corporacion-sales-prediction/roles/container.clusterViewer/serviceAccount:corpor-sales-sa@corporacion-sales-prediction.iam.gserviceaccount.com][0m
[0m[1mtime_sleep.wait_for_roles: Creating...[0m[0m
[0m[1mtime_sleep.wait_for_roles: Still creating... [10s elapsed][0m[0m
[0m[1mtime_sleep.wait_for_roles: Still creating... [20s elapsed][0m[0m
[0m[1mtime_sleep.wait_for_roles: Still creating... [30s elapsed][0m[0m
[0m[1mtime_sleep.wait_for_roles: Still creating... [40s elapsed][0m[0m
[0m[1mtime_sleep.wait_for_roles: Still creating... [50s elapsed][0m[0m
[0m[1mtime_sleep.wait_for_roles: Still creating... [1m0s elapsed][0m[0m
[0m[1mtime_sleep.wait_for_roles: Still creating... [1m10s elapsed][0m[0m
[0m[1mtime_sleep.wait_for_roles: Still creating... [1m20s elapsed][0m[0m
[0m[1mtime_sleep.wait_for_roles: Still creating... [1m30s elapsed][0m[0m
[0m[1mtime_sleep.wait_for_roles: Still creating... [1m40s elapsed][0m[0m
[0m[1mtime_sleep.wait_for_roles: Still creating... [1m50s elapsed][0m[0m
[0m[1mtime_sleep.wait_for_roles: Creation complete after 2m0s [id=2025-06-07T11:26:27Z][0m
[0m[1mmodule.vpc_creation.module.vpc.google_compute_network.network: Creating...[0m[0m
[0m[1mmodule.vpc_creation.module.vpc.google_compute_network.network: Still creating... [10s elapsed][0m[0m
[0m[1mmodule.vpc_creation.module.vpc.google_compute_network.network: Creation complete after 12s [id=projects/corporacion-sales-prediction/global/networks/corpor-sales-vpc][0m
[0m[1mmodule.vpc_creation.module.subnets.google_compute_subnetwork.subnetwork["europe-west1/corpor-sales-subnet"]: Creating...[0m[0m
[0m[1mmodule.vpc_creation.module.subnets.google_compute_subnetwork.subnetwork["europe-west1/corpor-sales-subnet"]: Still creating... [10s elapsed][0m[0m
[0m[1mmodule.vpc_creation.module.subnets.google_compute_subnetwork.subnetwork["europe-west1/corpor-sales-subnet"]: Still creating... [20s elapsed][0m[0m
[0m[1mmodule.vpc_creation.module.subnets.google_compute_subnetwork.subnetwork["europe-west1/corpor-sales-subnet"]: Still creating... [30s elapsed][0m[0m
[0m[1mmodule.vpc_creation.module.subnets.google_compute_subnetwork.subnetwork["europe-west1/corpor-sales-subnet"]: Creation complete after 31s [id=projects/corporacion-sales-prediction/regions/europe-west1/subnetworks/corpor-sales-subnet][0m
[0m[1mgoogle_compute_global_address.reserved_ip_for_psa: Creating...[0m[0m
[0m[1mgoogle_compute_firewall.allow_ingress_on_tcp: Creating...[0m[0m
[0m[1mgoogle_compute_global_address.reserved_ip_for_psa: Still creating... [10s elapsed][0m[0m
[0m[1mgoogle_compute_firewall.allow_ingress_on_tcp: Still creating... [10s elapsed][0m[0m
[0m[1mgoogle_compute_firewall.allow_ingress_on_tcp: Creation complete after 11s [id=projects/corporacion-sales-prediction/global/firewalls/allow-intra-to-tcp][0m
[0m[1mtime_sleep.wait_for_network_and_firewall_creation: Creating...[0m[0m
[0m[1mgoogle_compute_global_address.reserved_ip_for_psa: Creation complete after 12s [id=projects/corporacion-sales-prediction/global/addresses/psa-ips][0m
[0m[1mgoogle_service_networking_connection.private_connection_with_service_networking: Creating...[0m[0m
[0m[1mtime_sleep.wait_for_network_and_firewall_creation: Still creating... [10s elapsed][0m[0m
[0m[1mgoogle_service_networking_connection.private_connection_with_service_networking: Still creating... [10s elapsed][0m[0m
[0m[1mtime_sleep.wait_for_network_and_firewall_creation: Still creating... [20s elapsed][0m[0m
[0m[1mgoogle_service_networking_connection.private_connection_with_service_networking: Still creating... [20s elapsed][0m[0m
[0m[1mgoogle_service_networking_connection.private_connection_with_service_networking: Creation complete after 23s [id=projects%2Fcorporacion-sales-prediction%2Fglobal%2Fnetworks%2Fcorpor-sales-vpc:servicenetworking.googleapis.com][0m
[0m[1mtime_sleep.wait_for_network_and_firewall_creation: Still creating... [30s elapsed][0m[0m
[0m[1mtime_sleep.wait_for_network_and_firewall_creation: Still creating... [40s elapsed][0m[0m
[0m[1mtime_sleep.wait_for_network_and_firewall_creation: Still creating... [50s elapsed][0m[0m
[0m[1mtime_sleep.wait_for_network_and_firewall_creation: Still creating... [1m0s elapsed][0m[0m
[0m[1mtime_sleep.wait_for_network_and_firewall_creation: Still creating... [1m10s elapsed][0m[0m
[0m[1mtime_sleep.wait_for_network_and_firewall_creation: Still creating... [1m20s elapsed][0m[0m
[0m[1mtime_sleep.wait_for_network_and_firewall_creation: Still creating... [1m30s elapsed][0m[0m
[0m[1mtime_sleep.wait_for_network_and_firewall_creation: Still creating... [1m40s elapsed][0m[0m
[0m[1mtime_sleep.wait_for_network_and_firewall_creation: Still creating... [1m50s elapsed][0m[0m
[0m[1mtime_sleep.wait_for_network_and_firewall_creation: Creation complete after 2m0s [id=2025-06-07T11:29:23Z][0m
[0m[1mgoogle_composer_environment.cloud_composer_env_creation: Creating...[0m[0m
[0m[1mgoogle_composer_environment.cloud_composer_env_creation: Still creating... [10s elapsed][0m[0m
[0m[1mgoogle_composer_environment.cloud_composer_env_creation: Still creating... [20s elapsed][0m[0m
[0m[1mgoogle_composer_environment.cloud_composer_env_creation: Still creating... [30s elapsed][0m[0m
[0m[1mgoogle_composer_environment.cloud_composer_env_creation: Still creating... [40s elapsed][0m[0m
[0m[1mgoogle_composer_environment.cloud_composer_env_creation: Still creating... [50s elapsed][0m[0m
[0m[1mgoogle_composer_environment.cloud_composer_env_creation: Still creating... [1m0s elapsed][0m[0m
[0m[1mgoogle_composer_environment.cloud_composer_env_creation: Still creating... [1m10s elapsed][0m[0m
[0m[1mgoogle_composer_environment.cloud_composer_env_creation: Still creating... [1m20s elapsed][0m[0m
[0m[1mgoogle_composer_environment.cloud_composer_env_creation: Still creating... [1m30s elapsed][0m[0m
[0m[1mgoogle_composer_environment.cloud_composer_env_creation: Still creating... [1m40s elapsed][0m[0m
[0m[1mgoogle_composer_environment.cloud_composer_env_creation: Still creating... [1m50s elapsed][0m[0m
[0m[1mgoogle_composer_environment.cloud_composer_env_creation: Still creating... [2m0s elapsed][0m[0m
[0m[1mgoogle_composer_environment.cloud_composer_env_creation: Still creating... [2m10s elapsed][0m[0m
[0m[1mgoogle_composer_environment.cloud_composer_env_creation: Still creating... [2m20s elapsed][0m[0m
[0m[1mgoogle_composer_environment.cloud_composer_env_creation: Still creating... [2m30s elapsed][0m[0m
[0m[1mgoogle_composer_environment.cloud_composer_env_creation: Still creating... [2m40s elapsed][0m[0m
[0m[1mgoogle_composer_environment.cloud_composer_env_creation: Still creating... [2m50s elapsed][0m[0m
[0m[1mgoogle_composer_environment.cloud_composer_env_creation: Still creating... [3m0s elapsed][0m[0m
[0m[1mgoogle_composer_environment.cloud_composer_env_creation: Still creating... [3m10s elapsed][0m[0m
[0m[1mgoogle_composer_environment.cloud_composer_env_creation: Still creating... [3m20s elapsed][0m[0m
[0m[1mgoogle_composer_environment.cloud_composer_env_creation: Still creating... [3m30s elapsed][0m[0m
[0m[1mgoogle_composer_environment.cloud_composer_env_creation: Still creating... [3m40s elapsed][0m[0m
[0m[1mgoogle_composer_environment.cloud_composer_env_creation: Still creating... [3m50s elapsed][0m[0m
[0m[1mgoogle_composer_environment.cloud_composer_env_creation: Still creating... [4m0s elapsed][0m[0m
[0m[1mgoogle_composer_environment.cloud_composer_env_creation: Still creating... [4m10s elapsed][0m[0m
[0m[1mgoogle_composer_environment.cloud_composer_env_creation: Still creating... [4m20s elapsed][0m[0m
[0m[1mgoogle_composer_environment.cloud_composer_env_creation: Still creating... [4m30s elapsed][0m[0m
[0m[1mgoogle_composer_environment.cloud_composer_env_creation: Still creating... [4m40s elapsed][0m[0m
[0m[1mgoogle_composer_environment.cloud_composer_env_creation: Still creating... [4m50s elapsed][0m[0m
[0m[1mgoogle_composer_environment.cloud_composer_env_creation: Still creating... [5m0s elapsed][0m[0m
[0m[1mgoogle_composer_environment.cloud_composer_env_creation: Still creating... [5m10s elapsed][0m[0m
[0m[1mgoogle_composer_environment.cloud_composer_env_creation: Still creating... [5m20s elapsed][0m[0m
[0m[1mgoogle_composer_environment.cloud_composer_env_creation: Still creating... [5m30s elapsed][0m[0m
[0m[1mgoogle_composer_environment.cloud_composer_env_creation: Still creating... [5m40s elapsed][0m[0m
[0m[1mgoogle_composer_environment.cloud_composer_env_creation: Still creating... [5m50s elapsed][0m[0m
[0m[1mgoogle_composer_environment.cloud_composer_env_creation: Still creating... [6m0s elapsed][0m[0m
[0m[1mgoogle_composer_environment.cloud_composer_env_creation: Still creating... [6m10s elapsed][0m[0m
[0m[1mgoogle_composer_environment.cloud_composer_env_creation: Still creating... [6m20s elapsed][0m[0m
[0m[1mgoogle_composer_environment.cloud_composer_env_creation: Still creating... [6m30s elapsed][0m[0m
[0m[1mgoogle_composer_environment.cloud_composer_env_creation: Still creating... [6m40s elapsed][0m[0m
[0m[1mgoogle_composer_environment.cloud_composer_env_creation: Still creating... [6m50s elapsed][0m[0m
[0m[1mgoogle_composer_environment.cloud_composer_env_creation: Still creating... [7m0s elapsed][0m[0m
[0m[1mgoogle_composer_environment.cloud_composer_env_creation: Still creating... [7m10s elapsed][0m[0m
[0m[1mgoogle_composer_environment.cloud_composer_env_creation: Still creating... [7m20s elapsed][0m[0m
[0m[1mgoogle_composer_environment.cloud_composer_env_creation: Still creating... [7m30s elapsed][0m[0m
[0m[1mgoogle_composer_environment.cloud_composer_env_creation: Still creating... [7m40s elapsed][0m[0m
[0m[1mgoogle_composer_environment.cloud_composer_env_creation: Still creating... [7m50s elapsed][0m[0m
[0m[1mgoogle_composer_environment.cloud_composer_env_creation: Still creating... [8m0s elapsed][0m[0m
[0m[1mgoogle_composer_environment.cloud_composer_env_creation: Still creating... [8m10s elapsed][0m[0m
[0m[1mgoogle_composer_environment.cloud_composer_env_creation: Still creating... [8m20s elapsed][0m[0m
[0m[1mgoogle_composer_environment.cloud_composer_env_creation: Still creating... [8m30s elapsed][0m[0m
[0m[1mgoogle_composer_environment.cloud_composer_env_creation: Still creating... [8m40s elapsed][0m[0m
[0m[1mgoogle_composer_environment.cloud_composer_env_creation: Still creating... [8m50s elapsed][0m[0m
[0m[1mgoogle_composer_environment.cloud_composer_env_creation: Still creating... [9m0s elapsed][0m[0m
[0m[1mgoogle_composer_environment.cloud_composer_env_creation: Still creating... [9m10s elapsed][0m[0m
[0m[1mgoogle_composer_environment.cloud_composer_env_creation: Still creating... [9m20s elapsed][0m[0m
[0m[1mgoogle_composer_environment.cloud_composer_env_creation: Still creating... [9m30s elapsed][0m[0m
[0m[1mgoogle_composer_environment.cloud_composer_env_creation: Still creating... [9m40s elapsed][0m[0m
[0m[1mgoogle_composer_environment.cloud_composer_env_creation: Still creating... [9m50s elapsed][0m[0m
[0m[1mgoogle_composer_environment.cloud_composer_env_creation: Still creating... [10m0s elapsed][0m[0m
[0m[1mgoogle_composer_environment.cloud_composer_env_creation: Still creating... [10m10s elapsed][0m[0m
[0m[1mgoogle_composer_environment.cloud_composer_env_creation: Still creating... [10m20s elapsed][0m[0m
[0m[1mgoogle_composer_environment.cloud_composer_env_creation: Still creating... [10m30s elapsed][0m[0m
[0m[1mgoogle_composer_environment.cloud_composer_env_creation: Still creating... [10m40s elapsed][0m[0m
[0m[1mgoogle_composer_environment.cloud_composer_env_creation: Still creating... [10m50s elapsed][0m[0m
[0m[1mgoogle_composer_environment.cloud_composer_env_creation: Still creating... [11m0s elapsed][0m[0m
[0m[1mgoogle_composer_environment.cloud_composer_env_creation: Still creating... [11m10s elapsed][0m[0m
[0m[1mgoogle_composer_environment.cloud_composer_env_creation: Still creating... [11m20s elapsed][0m[0m
[0m[1mgoogle_composer_environment.cloud_composer_env_creation: Still creating... [11m30s elapsed][0m[0m
[0m[1mgoogle_composer_environment.cloud_composer_env_creation: Still creating... [11m40s elapsed][0m[0m
[0m[1mgoogle_composer_environment.cloud_composer_env_creation: Still creating... [11m50s elapsed][0m[0m
[0m[1mgoogle_composer_environment.cloud_composer_env_creation: Still creating... [12m0s elapsed][0m[0m
[0m[1mgoogle_composer_environment.cloud_composer_env_creation: Still creating... [12m10s elapsed][0m[0m
[0m[1mgoogle_composer_environment.cloud_composer_env_creation: Still creating... [12m20s elapsed][0m[0m
[0m[1mgoogle_composer_environment.cloud_composer_env_creation: Still creating... [12m30s elapsed][0m[0m
[0m[1mgoogle_composer_environment.cloud_composer_env_creation: Still creating... [12m40s elapsed][0m[0m
[0m[1mgoogle_composer_environment.cloud_composer_env_creation: Still creating... [12m50s elapsed][0m[0m
[0m[1mgoogle_composer_environment.cloud_composer_env_creation: Still creating... [13m0s elapsed][0m[0m
[0m[1mgoogle_composer_environment.cloud_composer_env_creation: Still creating... [13m10s elapsed][0m[0m
[0m[1mgoogle_composer_environment.cloud_composer_env_creation: Still creating... [13m20s elapsed][0m[0m
[0m[1mgoogle_composer_environment.cloud_composer_env_creation: Still creating... [13m30s elapsed][0m[0m
[0m[1mgoogle_composer_environment.cloud_composer_env_creation: Still creating... [13m40s elapsed][0m[0m
[0m[1mgoogle_composer_environment.cloud_composer_env_creation: Still creating... [13m50s elapsed][0m[0m
[0m[1mgoogle_composer_environment.cloud_composer_env_creation: Still creating... [14m0s elapsed][0m[0m
[0m[1mgoogle_composer_environment.cloud_composer_env_creation: Still creating... [14m10s elapsed][0m[0m
[0m[1mgoogle_composer_environment.cloud_composer_env_creation: Still creating... [14m20s elapsed][0m[0m
[0m[1mgoogle_composer_environment.cloud_composer_env_creation: Still creating... [14m30s elapsed][0m[0m
[0m[1mgoogle_composer_environment.cloud_composer_env_creation: Still creating... [14m40s elapsed][0m[0m
[0m[1mgoogle_composer_environment.cloud_composer_env_creation: Still creating... [14m50s elapsed][0m[0m
[0m[1mgoogle_composer_environment.cloud_composer_env_creation: Still creating... [15m0s elapsed][0m[0m
[0m[1mgoogle_composer_environment.cloud_composer_env_creation: Still creating... [15m10s elapsed][0m[0m
[0m[1mgoogle_composer_environment.cloud_composer_env_creation: Still creating... [15m20s elapsed][0m[0m
[0m[1mgoogle_composer_environment.cloud_composer_env_creation: Still creating... [15m30s elapsed][0m[0m
[0m[1mgoogle_composer_environment.cloud_composer_env_creation: Still creating... [15m40s elapsed][0m[0m
[0m[1mgoogle_composer_environment.cloud_composer_env_creation: Still creating... [15m50s elapsed][0m[0m
[0m[1mgoogle_composer_environment.cloud_composer_env_creation: Still creating... [16m0s elapsed][0m[0m
[0m[1mgoogle_composer_environment.cloud_composer_env_creation: Still creating... [16m10s elapsed][0m[0m
[0m[1mgoogle_composer_environment.cloud_composer_env_creation: Still creating... [16m20s elapsed][0m[0m
[0m[1mgoogle_composer_environment.cloud_composer_env_creation: Still creating... [16m30s elapsed][0m[0m
[0m[1mgoogle_composer_environment.cloud_composer_env_creation: Still creating... [16m40s elapsed][0m[0m
[0m[1mgoogle_composer_environment.cloud_composer_env_creation: Still creating... [16m50s elapsed][0m[0m
[0m[1mgoogle_composer_environment.cloud_composer_env_creation: Still creating... [17m0s elapsed][0m[0m
[0m[1mgoogle_composer_environment.cloud_composer_env_creation: Still creating... [17m10s elapsed][0m[0m
[0m[1mgoogle_composer_environment.cloud_composer_env_creation: Still creating... [17m20s elapsed][0m[0m
[0m[1mgoogle_composer_environment.cloud_composer_env_creation: Still creating... [17m30s elapsed][0m[0m
[0m[1mgoogle_composer_environment.cloud_composer_env_creation: Still creating... [17m40s elapsed][0m[0m
[0m[1mgoogle_composer_environment.cloud_composer_env_creation: Still creating... [17m50s elapsed][0m[0m
[0m[1mgoogle_composer_environment.cloud_composer_env_creation: Still creating... [18m0s elapsed][0m[0m
[0m[1mgoogle_composer_environment.cloud_composer_env_creation: Still creating... [18m10s elapsed][0m[0m
[0m[1mgoogle_composer_environment.cloud_composer_env_creation: Still creating... [18m20s elapsed][0m[0m
[0m[1mgoogle_composer_environment.cloud_composer_env_creation: Still creating... [18m30s elapsed][0m[0m
[0m[1mgoogle_composer_environment.cloud_composer_env_creation: Still creating... [18m40s elapsed][0m[0m
[0m[1mgoogle_composer_environment.cloud_composer_env_creation: Still creating... [18m50s elapsed][0m[0m
[0m[1mgoogle_composer_environment.cloud_composer_env_creation: Still creating... [19m0s elapsed][0m[0m
[0m[1mgoogle_composer_environment.cloud_composer_env_creation: Still creating... [19m10s elapsed][0m[0m
[0m[1mgoogle_composer_environment.cloud_composer_env_creation: Still creating... [19m20s elapsed][0m[0m
[0m[1mgoogle_composer_environment.cloud_composer_env_creation: Still creating... [19m30s elapsed][0m[0m
[0m[1mgoogle_composer_environment.cloud_composer_env_creation: Still creating... [19m40s elapsed][0m[0m
[0m[1mgoogle_composer_environment.cloud_composer_env_creation: Still creating... [19m50s elapsed][0m[0m
[0m[1mgoogle_composer_environment.cloud_composer_env_creation: Still creating... [20m0s elapsed][0m[0m
[0m[1mgoogle_composer_environment.cloud_composer_env_creation: Still creating... [20m10s elapsed][0m[0m
[0m[1mgoogle_composer_environment.cloud_composer_env_creation: Still creating... [20m20s elapsed][0m[0m
[0m[1mgoogle_composer_environment.cloud_composer_env_creation: Still creating... [20m30s elapsed][0m[0m
[0m[1mgoogle_composer_environment.cloud_composer_env_creation: Still creating... [20m40s elapsed][0m[0m
[0m[1mgoogle_composer_environment.cloud_composer_env_creation: Still creating... [20m50s elapsed][0m[0m
[0m[1mgoogle_composer_environment.cloud_composer_env_creation: Still creating... [21m0s elapsed][0m[0m
[0m[1mgoogle_composer_environment.cloud_composer_env_creation: Still creating... [21m10s elapsed][0m[0m
[0m[1mgoogle_composer_environment.cloud_composer_env_creation: Still creating... [21m20s elapsed][0m[0m
[0m[1mgoogle_composer_environment.cloud_composer_env_creation: Still creating... [21m30s elapsed][0m[0m
[0m[1mgoogle_composer_environment.cloud_composer_env_creation: Still creating... [21m40s elapsed][0m[0m
[0m[1mgoogle_composer_environment.cloud_composer_env_creation: Still creating... [21m50s elapsed][0m[0m
[0m[1mgoogle_composer_environment.cloud_composer_env_creation: Still creating... [22m0s elapsed][0m[0m
[0m[1mgoogle_composer_environment.cloud_composer_env_creation: Still creating... [22m10s elapsed][0m[0m
[0m[1mgoogle_composer_environment.cloud_composer_env_creation: Creation complete after 22m19s [id=projects/corporacion-sales-prediction/locations/europe-west1/environments/corporacion-sales-prediction-cc3][0m
[0m[1m[32m
Apply complete! Resources: 26 added, 0 changed, 0 destroyed.
[0m