{
  "version": 4,
  "terraform_version": "1.12.0",
  "serial": 27,
  "lineage": "2fb373ef-fd0b-762c-02b8-0ef6a0f69814",
  "outputs": {},
  "resources": [
    {
      "mode": "managed",
      "type": "google_composer_environment",
      "name": "cloud_composer_env_creation",
      "provider": "provider[\"registry.terraform.io/hashicorp/google-beta\"]",
      "instances": [
        {
          "schema_version": 0,
          "attributes": {
            "config": [
              {
                "airflow_uri": "https://eb6e2e8127744566a934d461f6b89bad-dot-europe-west1.composer.googleusercontent.com",
                "dag_gcs_prefix": "gs://europe-west1-corporacion-sa-af19f3e4-bucket/dags",
                "data_retention_config": [
                  {
                    "airflow_metadata_retention_config": [
                      {
                        "retention_days": 60,
                        "retention_mode": "RETENTION_MODE_ENABLED"
                      }
                    ],
                    "task_logs_retention_config": []
                  }
                ],
                "database_config": [],
                "enable_private_builds_only": false,
                "enable_private_environment": false,
                "encryption_config": [
                  {
                    "kms_key_name": ""
                  }
                ],
                "environment_size": "ENVIRONMENT_SIZE_MEDIUM",
                "gke_cluster": "",
                "maintenance_window": [],
                "master_authorized_networks_config": [],
                "node_config": [
                  {
                    "composer_internal_ipv4_cidr_block": "100.64.128.0/20",
                    "composer_network_attachment": "projects/corporacion-sales-prediction/regions/europe-west1/networkAttachments/europe-west1-corporacion-sales-prediction-cc3-af19f3e4-7f79",
                    "disk_size_gb": 0,
                    "enable_ip_masq_agent": false,
                    "ip_allocation_policy": [
                      {
                        "cluster_ipv4_cidr_block": "",
                        "cluster_secondary_range_name": "",
                        "services_ipv4_cidr_block": "",
                        "services_secondary_range_name": "",
                        "use_ip_aliases": false
                      }
                    ],
                    "machine_type": "",
                    "max_pods_per_node": 0,
                    "network": "projects/corporacion-sales-prediction/global/networks/corpor-sales-vpc",
                    "oauth_scopes": [],
                    "service_account": "corpor-sales-sa@corporacion-sales-prediction.iam.gserviceaccount.com",
                    "subnetwork": "projects/corporacion-sales-prediction/regions/europe-west1/subnetworks/corpor-sales-subnet",
                    "tags": null,
                    "zone": ""
                  }
                ],
                "node_count": 0,
                "private_environment_config": [],
                "recovery_config": [],
                "resilience_mode": "STANDARD_RESILIENCE",
                "software_config": [
                  {
                    "airflow_config_overrides": null,
                    "cloud_data_lineage_integration": [
                      {
                        "enabled": false
                      }
                    ],
                    "env_variables": {
                      "AIRFLOW_VAR_PROJECT_ID": "corporacion-sales-prediction",
                      "AIRFLOW_VAR_PROJECT_NBR": "641599860207",
                      "AIRFLOW_VAR_REGION": "europe-west1",
                      "AIRFLOW_VAR_SUBNET": "corpor-sales-subnet",
                      "AIRFLOW_VAR_UMSA_FQN": "corpor-sales-sa@corporacion-sales-prediction.iam.gserviceaccount.com"
                    },
                    "image_version": "composer-3-airflow-2.10.5-build.4",
                    "pypi_packages": null,
                    "python_version": "",
                    "scheduler_count": 0,
                    "web_server_plugins_mode": "ENABLED"
                  }
                ],
                "web_server_config": [],
                "web_server_network_access_control": [
                  {
                    "allowed_ip_range": [
                      {
                        "description": "Allows access from all IPv4 addresses (default value)",
                        "value": "0.0.0.0/0"
                      },
                      {
                        "description": "Allows access from all IPv6 addresses (default value)",
                        "value": "::0/0"
                      }
                    ]
                  }
                ],
                "workloads_config": [
                  {
                    "dag_processor": [
                      {
                        "count": 1,
                        "cpu": 1,
                        "memory_gb": 4,
                        "storage_gb": 1
                      }
                    ],
                    "scheduler": [
                      {
                        "count": 1,
                        "cpu": 2,
                        "memory_gb": 4,
                        "storage_gb": 20
                      }
                    ],
                    "triggerer": [
                      {
                        "count": 1,
                        "cpu": 0.5,
                        "memory_gb": 1
                      }
                    ],
                    "web_server": [
                      {
                        "cpu": 1,
                        "memory_gb": 2,
                        "storage_gb": 10
                      }
                    ],
                    "worker": [
                      {
                        "cpu": 4,
                        "max_count": 6,
                        "memory_gb": 8,
                        "min_count": 3,
                        "storage_gb": 50
                      }
                    ]
                  }
                ]
              }
            ],
            "effective_labels": {
              "goog-terraform-provisioned": "true"
            },
            "id": "projects/corporacion-sales-prediction/locations/europe-west1/environments/corporacion-sales-prediction-cc3",
            "labels": null,
            "name": "corporacion-sales-prediction-cc3",
            "project": "corporacion-sales-prediction",
            "region": "europe-west1",
            "storage_config": [
              {
                "bucket": "europe-west1-corporacion-sa-af19f3e4-bucket"
              }
            ],
            "terraform_labels": {
              "goog-terraform-provisioned": "true"
            },
            "timeouts": null
          },
          "sensitive_attributes": [],
          "private": "eyJlMmJmYjczMC1lY2FhLTExZTYtOGY4OC0zNDM2M2JjN2M0YzAiOnsiY3JlYXRlIjo3MjAwMDAwMDAwMDAwLCJkZWxldGUiOjE4MDAwMDAwMDAwMDAsInVwZGF0ZSI6NzIwMDAwMDAwMDAwMH19",
          "dependencies": [
            "google_compute_firewall.allow_ingress_on_tcp",
            "google_project_iam_member.composer_roles",
            "google_project_service.enable_composer_required_apis",
            "google_project_service.enable_resource_manager",
            "module.vpc_creation.module.firewall_rules.google_compute_firewall.rules",
            "module.vpc_creation.module.firewall_rules.google_compute_firewall.rules_ingress_egress",
            "module.vpc_creation.module.routes.google_compute_route.route",
            "module.vpc_creation.module.subnets.google_compute_subnetwork.subnetwork",
            "module.vpc_creation.module.vpc.google_compute_network.network",
            "module.vpc_creation.module.vpc.google_compute_shared_vpc_host_project.shared_vpc_host",
            "time_sleep.wait_for_composer_apis",
            "time_sleep.wait_for_network_and_firewall_creation",
            "time_sleep.wait_for_roles"
          ]
        }
      ]
    },
    {
      "mode": "managed",
      "type": "google_compute_firewall",
      "name": "allow_ingress_on_tcp",
      "provider": "provider[\"registry.terraform.io/hashicorp/google\"]",
      "instances": [
        {
          "schema_version": 1,
          "attributes": {
            "allow": [
              {
                "ports": [
                  "5432"
                ],
                "protocol": "tcp"
              }
            ],
            "creation_timestamp": "2025-06-06T14:04:17.448-07:00",
            "deny": [],
            "description": "allow ingress traffic from within subnet to services listen on port 5432",
            "destination_ranges": [],
            "direction": "INGRESS",
            "disabled": false,
            "enable_logging": null,
            "id": "projects/corporacion-sales-prediction/global/firewalls/allow-intra-to-tcp",
            "log_config": [],
            "name": "allow-intra-to-tcp",
            "network": "https://www.googleapis.com/compute/v1/projects/corporacion-sales-prediction/global/networks/corpor-sales-vpc",
            "priority": 1000,
            "project": "corporacion-sales-prediction",
            "self_link": "https://www.googleapis.com/compute/v1/projects/corporacion-sales-prediction/global/firewalls/allow-intra-to-tcp",
            "source_ranges": [
              "10.0.0.0/16"
            ],
            "source_service_accounts": null,
            "source_tags": null,
            "target_service_accounts": null,
            "target_tags": null,
            "timeouts": null
          },
          "sensitive_attributes": [],
          "private": "eyJlMmJmYjczMC1lY2FhLTExZTYtOGY4OC0zNDM2M2JjN2M0YzAiOnsiY3JlYXRlIjoxMjAwMDAwMDAwMDAwLCJkZWxldGUiOjEyMDAwMDAwMDAwMDAsInVwZGF0ZSI6MTIwMDAwMDAwMDAwMH0sInNjaGVtYV92ZXJzaW9uIjoiMSJ9",
          "dependencies": [
            "google_project_iam_member.composer_roles",
            "google_project_service.enable_composer_required_apis",
            "google_project_service.enable_resource_manager",
            "module.vpc_creation.module.firewall_rules.google_compute_firewall.rules",
            "module.vpc_creation.module.firewall_rules.google_compute_firewall.rules_ingress_egress",
            "module.vpc_creation.module.routes.google_compute_route.route",
            "module.vpc_creation.module.subnets.google_compute_subnetwork.subnetwork",
            "module.vpc_creation.module.vpc.google_compute_network.network",
            "module.vpc_creation.module.vpc.google_compute_shared_vpc_host_project.shared_vpc_host",
            "time_sleep.wait_for_composer_apis",
            "time_sleep.wait_for_roles"
          ]
        }
      ]
    },
    {
      "mode": "managed",
      "type": "google_compute_global_address",
      "name": "reserved_ip_for_psa",
      "provider": "provider[\"registry.terraform.io/hashicorp/google-beta\"]",
      "instances": [
        {
          "schema_version": 0,
          "attributes": {
            "address": "10.247.0.0",
            "address_type": "INTERNAL",
            "creation_timestamp": "2025-06-06T14:04:17.444-07:00",
            "description": "",
            "effective_labels": {
              "goog-terraform-provisioned": "true"
            },
            "id": "projects/corporacion-sales-prediction/global/addresses/psa-ips",
            "ip_version": "",
            "label_fingerprint": "vezUS-42LLM=",
            "labels": null,
            "name": "psa-ips",
            "network": "https://www.googleapis.com/compute/v1/projects/corporacion-sales-prediction/global/networks/corpor-sales-vpc",
            "prefix_length": 16,
            "project": "corporacion-sales-prediction",
            "purpose": "VPC_PEERING",
            "self_link": "https://www.googleapis.com/compute/v1/projects/corporacion-sales-prediction/global/addresses/psa-ips",
            "terraform_labels": {
              "goog-terraform-provisioned": "true"
            },
            "timeouts": null
          },
          "sensitive_attributes": [],
          "private": "eyJlMmJmYjczMC1lY2FhLTExZTYtOGY4OC0zNDM2M2JjN2M0YzAiOnsiY3JlYXRlIjoxMjAwMDAwMDAwMDAwLCJkZWxldGUiOjEyMDAwMDAwMDAwMDAsInVwZGF0ZSI6MTIwMDAwMDAwMDAwMH19",
          "dependencies": [
            "google_project_iam_member.composer_roles",
            "google_project_service.enable_composer_required_apis",
            "google_project_service.enable_resource_manager",
            "module.vpc_creation.module.firewall_rules.google_compute_firewall.rules",
            "module.vpc_creation.module.firewall_rules.google_compute_firewall.rules_ingress_egress",
            "module.vpc_creation.module.routes.google_compute_route.route",
            "module.vpc_creation.module.subnets.google_compute_subnetwork.subnetwork",
            "module.vpc_creation.module.vpc.google_compute_network.network",
            "module.vpc_creation.module.vpc.google_compute_shared_vpc_host_project.shared_vpc_host",
            "time_sleep.wait_for_composer_apis",
            "time_sleep.wait_for_roles"
          ]
        }
      ]
    },
    {
      "mode": "managed",
      "type": "google_project_iam_member",
      "name": "composer_roles",
      "provider": "provider[\"registry.terraform.io/hashicorp/google\"]",
      "instances": [
        {
          "index_key": "roles/artifactregistry.reader",
          "schema_version": 0,
          "attributes": {
            "condition": [],
            "etag": "BwY27YiXgkY=",
            "id": "corporacion-sales-prediction/roles/artifactregistry.reader/serviceAccount:corpor-sales-sa@corporacion-sales-prediction.iam.gserviceaccount.com",
            "member": "serviceAccount:corpor-sales-sa@corporacion-sales-prediction.iam.gserviceaccount.com",
            "project": "corporacion-sales-prediction",
            "role": "roles/artifactregistry.reader"
          },
          "sensitive_attributes": [],
          "private": "bnVsbA==",
          "dependencies": [
            "google_project_service.enable_composer_required_apis",
            "google_project_service.enable_resource_manager",
            "time_sleep.wait_for_composer_apis"
          ]
        },
        {
          "index_key": "roles/composer.admin",
          "schema_version": 0,
          "attributes": {
            "condition": [],
            "etag": "BwY27YiXgkY=",
            "id": "corporacion-sales-prediction/roles/composer.admin/serviceAccount:corpor-sales-sa@corporacion-sales-prediction.iam.gserviceaccount.com",
            "member": "serviceAccount:corpor-sales-sa@corporacion-sales-prediction.iam.gserviceaccount.com",
            "project": "corporacion-sales-prediction",
            "role": "roles/composer.admin"
          },
          "sensitive_attributes": [],
          "private": "bnVsbA==",
          "dependencies": [
            "google_project_service.enable_composer_required_apis",
            "google_project_service.enable_resource_manager",
            "time_sleep.wait_for_composer_apis"
          ]
        },
        {
          "index_key": "roles/composer.worker",
          "schema_version": 0,
          "attributes": {
            "condition": [],
            "etag": "BwY27YiXgkY=",
            "id": "corporacion-sales-prediction/roles/composer.worker/serviceAccount:corpor-sales-sa@corporacion-sales-prediction.iam.gserviceaccount.com",
            "member": "serviceAccount:corpor-sales-sa@corporacion-sales-prediction.iam.gserviceaccount.com",
            "project": "corporacion-sales-prediction",
            "role": "roles/composer.worker"
          },
          "sensitive_attributes": [],
          "private": "bnVsbA==",
          "dependencies": [
            "google_project_service.enable_composer_required_apis",
            "google_project_service.enable_resource_manager",
            "time_sleep.wait_for_composer_apis"
          ]
        },
        {
          "index_key": "roles/compute.networkAdmin",
          "schema_version": 0,
          "attributes": {
            "condition": [],
            "etag": "BwY27YiXgkY=",
            "id": "corporacion-sales-prediction/roles/compute.networkAdmin/serviceAccount:corpor-sales-sa@corporacion-sales-prediction.iam.gserviceaccount.com",
            "member": "serviceAccount:corpor-sales-sa@corporacion-sales-prediction.iam.gserviceaccount.com",
            "project": "corporacion-sales-prediction",
            "role": "roles/compute.networkAdmin"
          },
          "sensitive_attributes": [],
          "private": "bnVsbA==",
          "dependencies": [
            "google_project_service.enable_composer_required_apis",
            "google_project_service.enable_resource_manager",
            "time_sleep.wait_for_composer_apis"
          ]
        },
        {
          "index_key": "roles/container.clusterViewer",
          "schema_version": 0,
          "attributes": {
            "condition": [],
            "etag": "BwY27YiXgkY=",
            "id": "corporacion-sales-prediction/roles/container.clusterViewer/serviceAccount:corpor-sales-sa@corporacion-sales-prediction.iam.gserviceaccount.com",
            "member": "serviceAccount:corpor-sales-sa@corporacion-sales-prediction.iam.gserviceaccount.com",
            "project": "corporacion-sales-prediction",
            "role": "roles/container.clusterViewer"
          },
          "sensitive_attributes": [],
          "private": "bnVsbA==",
          "dependencies": [
            "google_project_service.enable_composer_required_apis",
            "google_project_service.enable_resource_manager",
            "time_sleep.wait_for_composer_apis"
          ]
        },
        {
          "index_key": "roles/iam.serviceAccountAdmin",
          "schema_version": 0,
          "attributes": {
            "condition": [],
            "etag": "BwY27YiXgkY=",
            "id": "corporacion-sales-prediction/roles/iam.serviceAccountAdmin/serviceAccount:corpor-sales-sa@corporacion-sales-prediction.iam.gserviceaccount.com",
            "member": "serviceAccount:corpor-sales-sa@corporacion-sales-prediction.iam.gserviceaccount.com",
            "project": "corporacion-sales-prediction",
            "role": "roles/iam.serviceAccountAdmin"
          },
          "sensitive_attributes": [],
          "private": "bnVsbA==",
          "dependencies": [
            "google_project_service.enable_composer_required_apis",
            "google_project_service.enable_resource_manager",
            "time_sleep.wait_for_composer_apis"
          ]
        },
        {
          "index_key": "roles/logging.admin",
          "schema_version": 0,
          "attributes": {
            "condition": [],
            "etag": "BwY27YiXgkY=",
            "id": "corporacion-sales-prediction/roles/logging.admin/serviceAccount:corpor-sales-sa@corporacion-sales-prediction.iam.gserviceaccount.com",
            "member": "serviceAccount:corpor-sales-sa@corporacion-sales-prediction.iam.gserviceaccount.com",
            "project": "corporacion-sales-prediction",
            "role": "roles/logging.admin"
          },
          "sensitive_attributes": [],
          "private": "bnVsbA==",
          "dependencies": [
            "google_project_service.enable_composer_required_apis",
            "google_project_service.enable_resource_manager",
            "time_sleep.wait_for_composer_apis"
          ]
        },
        {
          "index_key": "roles/storage.admin",
          "schema_version": 0,
          "attributes": {
            "condition": [],
            "etag": "BwY27YiXgkY=",
            "id": "corporacion-sales-prediction/roles/storage.admin/serviceAccount:corpor-sales-sa@corporacion-sales-prediction.iam.gserviceaccount.com",
            "member": "serviceAccount:corpor-sales-sa@corporacion-sales-prediction.iam.gserviceaccount.com",
            "project": "corporacion-sales-prediction",
            "role": "roles/storage.admin"
          },
          "sensitive_attributes": [],
          "private": "bnVsbA==",
          "dependencies": [
            "google_project_service.enable_composer_required_apis",
            "google_project_service.enable_resource_manager",
            "time_sleep.wait_for_composer_apis"
          ]
        }
      ]
    },
    {
      "mode": "managed",
      "type": "google_project_service",
      "name": "enable_composer_required_apis",
      "provider": "provider[\"registry.terraform.io/hashicorp/google\"]",
      "instances": [
        {
          "index_key": "cloudresourcemanager.googleapis.com",
          "schema_version": 0,
          "attributes": {
            "disable_dependent_services": null,
            "disable_on_destroy": true,
            "id": "corporacion-sales-prediction/cloudresourcemanager.googleapis.com",
            "project": "corporacion-sales-prediction",
            "service": "cloudresourcemanager.googleapis.com",
            "timeouts": null
          },
          "sensitive_attributes": [],
          "private": "eyJlMmJmYjczMC1lY2FhLTExZTYtOGY4OC0zNDM2M2JjN2M0YzAiOnsiY3JlYXRlIjoxMjAwMDAwMDAwMDAwLCJkZWxldGUiOjEyMDAwMDAwMDAwMDAsInJlYWQiOjYwMDAwMDAwMDAwMCwidXBkYXRlIjoxMjAwMDAwMDAwMDAwfX0=",
          "dependencies": [
            "google_project_service.enable_resource_manager"
          ]
        },
        {
          "index_key": "composer.googleapis.com",
          "schema_version": 0,
          "attributes": {
            "disable_dependent_services": null,
            "disable_on_destroy": true,
            "id": "corporacion-sales-prediction/composer.googleapis.com",
            "project": "corporacion-sales-prediction",
            "service": "composer.googleapis.com",
            "timeouts": null
          },
          "sensitive_attributes": [],
          "private": "eyJlMmJmYjczMC1lY2FhLTExZTYtOGY4OC0zNDM2M2JjN2M0YzAiOnsiY3JlYXRlIjoxMjAwMDAwMDAwMDAwLCJkZWxldGUiOjEyMDAwMDAwMDAwMDAsInJlYWQiOjYwMDAwMDAwMDAwMCwidXBkYXRlIjoxMjAwMDAwMDAwMDAwfX0=",
          "dependencies": [
            "google_project_service.enable_resource_manager"
          ]
        },
        {
          "index_key": "compute.googleapis.com",
          "schema_version": 0,
          "attributes": {
            "disable_dependent_services": null,
            "disable_on_destroy": true,
            "id": "corporacion-sales-prediction/compute.googleapis.com",
            "project": "corporacion-sales-prediction",
            "service": "compute.googleapis.com",
            "timeouts": null
          },
          "sensitive_attributes": [],
          "private": "eyJlMmJmYjczMC1lY2FhLTExZTYtOGY4OC0zNDM2M2JjN2M0YzAiOnsiY3JlYXRlIjoxMjAwMDAwMDAwMDAwLCJkZWxldGUiOjEyMDAwMDAwMDAwMDAsInJlYWQiOjYwMDAwMDAwMDAwMCwidXBkYXRlIjoxMjAwMDAwMDAwMDAwfX0=",
          "dependencies": [
            "google_project_service.enable_resource_manager"
          ]
        },
        {
          "index_key": "container.googleapis.com",
          "schema_version": 0,
          "attributes": {
            "disable_dependent_services": null,
            "disable_on_destroy": true,
            "id": "corporacion-sales-prediction/container.googleapis.com",
            "project": "corporacion-sales-prediction",
            "service": "container.googleapis.com",
            "timeouts": null
          },
          "sensitive_attributes": [],
          "private": "eyJlMmJmYjczMC1lY2FhLTExZTYtOGY4OC0zNDM2M2JjN2M0YzAiOnsiY3JlYXRlIjoxMjAwMDAwMDAwMDAwLCJkZWxldGUiOjEyMDAwMDAwMDAwMDAsInJlYWQiOjYwMDAwMDAwMDAwMCwidXBkYXRlIjoxMjAwMDAwMDAwMDAwfX0=",
          "dependencies": [
            "google_project_service.enable_resource_manager"
          ]
        },
        {
          "index_key": "iam.googleapis.com",
          "schema_version": 0,
          "attributes": {
            "disable_dependent_services": null,
            "disable_on_destroy": true,
            "id": "corporacion-sales-prediction/iam.googleapis.com",
            "project": "corporacion-sales-prediction",
            "service": "iam.googleapis.com",
            "timeouts": null
          },
          "sensitive_attributes": [],
          "private": "eyJlMmJmYjczMC1lY2FhLTExZTYtOGY4OC0zNDM2M2JjN2M0YzAiOnsiY3JlYXRlIjoxMjAwMDAwMDAwMDAwLCJkZWxldGUiOjEyMDAwMDAwMDAwMDAsInJlYWQiOjYwMDAwMDAwMDAwMCwidXBkYXRlIjoxMjAwMDAwMDAwMDAwfX0=",
          "dependencies": [
            "google_project_service.enable_resource_manager"
          ]
        },
        {
          "index_key": "servicenetworking.googleapis.com",
          "schema_version": 0,
          "attributes": {
            "disable_dependent_services": null,
            "disable_on_destroy": true,
            "id": "corporacion-sales-prediction/servicenetworking.googleapis.com",
            "project": "corporacion-sales-prediction",
            "service": "servicenetworking.googleapis.com",
            "timeouts": null
          },
          "sensitive_attributes": [],
          "private": "eyJlMmJmYjczMC1lY2FhLTExZTYtOGY4OC0zNDM2M2JjN2M0YzAiOnsiY3JlYXRlIjoxMjAwMDAwMDAwMDAwLCJkZWxldGUiOjEyMDAwMDAwMDAwMDAsInJlYWQiOjYwMDAwMDAwMDAwMCwidXBkYXRlIjoxMjAwMDAwMDAwMDAwfX0=",
          "dependencies": [
            "google_project_service.enable_resource_manager"
          ]
        },
        {
          "index_key": "sqladmin.googleapis.com",
          "schema_version": 0,
          "attributes": {
            "disable_dependent_services": null,
            "disable_on_destroy": true,
            "id": "corporacion-sales-prediction/sqladmin.googleapis.com",
            "project": "corporacion-sales-prediction",
            "service": "sqladmin.googleapis.com",
            "timeouts": null
          },
          "sensitive_attributes": [],
          "private": "eyJlMmJmYjczMC1lY2FhLTExZTYtOGY4OC0zNDM2M2JjN2M0YzAiOnsiY3JlYXRlIjoxMjAwMDAwMDAwMDAwLCJkZWxldGUiOjEyMDAwMDAwMDAwMDAsInJlYWQiOjYwMDAwMDAwMDAwMCwidXBkYXRlIjoxMjAwMDAwMDAwMDAwfX0=",
          "dependencies": [
            "google_project_service.enable_resource_manager"
          ]
        },
        {
          "index_key": "storage.googleapis.com",
          "schema_version": 0,
          "attributes": {
            "disable_dependent_services": null,
            "disable_on_destroy": true,
            "id": "corporacion-sales-prediction/storage.googleapis.com",
            "project": "corporacion-sales-prediction",
            "service": "storage.googleapis.com",
            "timeouts": null
          },
          "sensitive_attributes": [],
          "private": "eyJlMmJmYjczMC1lY2FhLTExZTYtOGY4OC0zNDM2M2JjN2M0YzAiOnsiY3JlYXRlIjoxMjAwMDAwMDAwMDAwLCJkZWxldGUiOjEyMDAwMDAwMDAwMDAsInJlYWQiOjYwMDAwMDAwMDAwMCwidXBkYXRlIjoxMjAwMDAwMDAwMDAwfX0=",
          "dependencies": [
            "google_project_service.enable_resource_manager"
          ]
        }
      ]
    },
    {
      "mode": "managed",
      "type": "google_project_service",
      "name": "enable_resource_manager",
      "provider": "provider[\"registry.terraform.io/hashicorp/google\"]",
      "instances": [
        {
          "schema_version": 0,
          "attributes": {
            "disable_dependent_services": null,
            "disable_on_destroy": false,
            "id": "corporacion-sales-prediction/cloudresourcemanager.googleapis.com",
            "project": "corporacion-sales-prediction",
            "service": "cloudresourcemanager.googleapis.com",
            "timeouts": null
          },
          "sensitive_attributes": [],
          "private": "eyJlMmJmYjczMC1lY2FhLTExZTYtOGY4OC0zNDM2M2JjN2M0YzAiOnsiY3JlYXRlIjoxMjAwMDAwMDAwMDAwLCJkZWxldGUiOjEyMDAwMDAwMDAwMDAsInJlYWQiOjYwMDAwMDAwMDAwMCwidXBkYXRlIjoxMjAwMDAwMDAwMDAwfX0="
        }
      ]
    },
    {
      "mode": "managed",
      "type": "google_service_networking_connection",
      "name": "private_connection_with_service_networking",
      "provider": "provider[\"registry.terraform.io/hashicorp/google\"]",
      "instances": [
        {
          "schema_version": 0,
          "attributes": {
            "deletion_policy": null,
            "id": "projects%2Fcorporacion-sales-prediction%2Fglobal%2Fnetworks%2Fcorpor-sales-vpc:servicenetworking.googleapis.com",
            "network": "projects/corporacion-sales-prediction/global/networks/corpor-sales-vpc",
            "peering": "servicenetworking-googleapis-com",
            "reserved_peering_ranges": [
              "psa-ips"
            ],
            "service": "servicenetworking.googleapis.com",
            "timeouts": null,
            "update_on_creation_fail": null
          },
          "sensitive_attributes": [],
          "private": "eyJlMmJmYjczMC1lY2FhLTExZTYtOGY4OC0zNDM2M2JjN2M0YzAiOnsiY3JlYXRlIjo2MDAwMDAwMDAwMDAsImRlbGV0ZSI6NjAwMDAwMDAwMDAwLCJ1cGRhdGUiOjYwMDAwMDAwMDAwMH19",
          "dependencies": [
            "google_compute_global_address.reserved_ip_for_psa",
            "google_project_iam_member.composer_roles",
            "google_project_service.enable_composer_required_apis",
            "google_project_service.enable_resource_manager",
            "module.vpc_creation.module.firewall_rules.google_compute_firewall.rules",
            "module.vpc_creation.module.firewall_rules.google_compute_firewall.rules_ingress_egress",
            "module.vpc_creation.module.routes.google_compute_route.route",
            "module.vpc_creation.module.subnets.google_compute_subnetwork.subnetwork",
            "module.vpc_creation.module.vpc.google_compute_network.network",
            "module.vpc_creation.module.vpc.google_compute_shared_vpc_host_project.shared_vpc_host",
            "time_sleep.wait_for_composer_apis",
            "time_sleep.wait_for_roles"
          ]
        }
      ]
    },
    {
      "mode": "managed",
      "type": "time_sleep",
      "name": "wait_for_composer_apis",
      "provider": "provider[\"registry.terraform.io/hashicorp/time\"]",
      "instances": [
        {
          "schema_version": 0,
          "attributes": {
            "create_duration": "180s",
            "destroy_duration": null,
            "id": "2025-06-06T21:01:22Z",
            "triggers": null
          },
          "sensitive_attributes": [],
          "dependencies": [
            "google_project_service.enable_composer_required_apis",
            "google_project_service.enable_resource_manager"
          ]
        }
      ]
    },
    {
      "mode": "managed",
      "type": "time_sleep",
      "name": "wait_for_network_and_firewall_creation",
      "provider": "provider[\"registry.terraform.io/hashicorp/time\"]",
      "instances": [
        {
          "schema_version": 0,
          "attributes": {
            "create_duration": "120s",
            "destroy_duration": null,
            "id": "2025-06-06T21:06:28Z",
            "triggers": null
          },
          "sensitive_attributes": [],
          "dependencies": [
            "google_compute_firewall.allow_ingress_on_tcp",
            "google_project_iam_member.composer_roles",
            "google_project_service.enable_composer_required_apis",
            "google_project_service.enable_resource_manager",
            "module.vpc_creation.module.firewall_rules.google_compute_firewall.rules",
            "module.vpc_creation.module.firewall_rules.google_compute_firewall.rules_ingress_egress",
            "module.vpc_creation.module.routes.google_compute_route.route",
            "module.vpc_creation.module.subnets.google_compute_subnetwork.subnetwork",
            "module.vpc_creation.module.vpc.google_compute_network.network",
            "module.vpc_creation.module.vpc.google_compute_shared_vpc_host_project.shared_vpc_host",
            "time_sleep.wait_for_composer_apis",
            "time_sleep.wait_for_roles"
          ]
        }
      ]
    },
    {
      "mode": "managed",
      "type": "time_sleep",
      "name": "wait_for_roles",
      "provider": "provider[\"registry.terraform.io/hashicorp/time\"]",
      "instances": [
        {
          "schema_version": 0,
          "attributes": {
            "create_duration": "120s",
            "destroy_duration": null,
            "id": "2025-06-06T21:03:33Z",
            "triggers": null
          },
          "sensitive_attributes": [],
          "dependencies": [
            "google_project_iam_member.composer_roles",
            "google_project_service.enable_composer_required_apis",
            "google_project_service.enable_resource_manager",
            "time_sleep.wait_for_composer_apis"
          ]
        }
      ]
    },
    {
      "module": "module.vpc_creation.module.subnets",
      "mode": "managed",
      "type": "google_compute_subnetwork",
      "name": "subnetwork",
      "provider": "provider[\"registry.terraform.io/hashicorp/google\"]",
      "instances": [
        {
          "index_key": "europe-west1/corpor-sales-subnet",
          "schema_version": 0,
          "attributes": {
            "creation_timestamp": "2025-06-06T14:03:46.255-07:00",
            "description": "",
            "enable_flow_logs": false,
            "external_ipv6_prefix": "",
            "fingerprint": null,
            "gateway_address": "10.0.0.1",
            "id": "projects/corporacion-sales-prediction/regions/europe-west1/subnetworks/corpor-sales-subnet",
            "internal_ipv6_prefix": "",
            "ip_cidr_range": "10.0.0.0/16",
            "ip_collection": null,
            "ipv6_access_type": "",
            "ipv6_cidr_range": "",
            "ipv6_gce_endpoint": "",
            "log_config": [],
            "name": "corpor-sales-subnet",
            "network": "https://www.googleapis.com/compute/v1/projects/corporacion-sales-prediction/global/networks/corpor-sales-vpc",
            "private_ip_google_access": true,
            "private_ipv6_google_access": "DISABLE_GOOGLE_ACCESS",
            "project": "corporacion-sales-prediction",
            "purpose": "PRIVATE",
            "region": "europe-west1",
            "reserved_internal_range": "",
            "role": "",
            "secondary_ip_range": [
              {
                "ip_cidr_range": "10.2.0.0/22",
                "range_name": "services",
                "reserved_internal_range": ""
              }
            ],
            "self_link": "https://www.googleapis.com/compute/v1/projects/corporacion-sales-prediction/regions/europe-west1/subnetworks/corpor-sales-subnet",
            "send_secondary_ip_range_if_empty": null,
            "stack_type": "IPV4_ONLY",
            "state": "",
            "subnetwork_id": 455439842670471517,
            "timeouts": null
          },
          "sensitive_attributes": [],
          "private": "eyJlMmJmYjczMC1lY2FhLTExZTYtOGY4OC0zNDM2M2JjN2M0YzAiOnsiY3JlYXRlIjoxMjAwMDAwMDAwMDAwLCJkZWxldGUiOjEyMDAwMDAwMDAwMDAsInVwZGF0ZSI6MTIwMDAwMDAwMDAwMH19",
          "dependencies": [
            "google_project_iam_member.composer_roles",
            "google_project_service.enable_composer_required_apis",
            "google_project_service.enable_resource_manager",
            "module.vpc_creation.module.vpc.google_compute_network.network",
            "time_sleep.wait_for_composer_apis",
            "time_sleep.wait_for_roles"
          ]
        }
      ]
    },
    {
      "module": "module.vpc_creation.module.vpc",
      "mode": "managed",
      "type": "google_compute_network",
      "name": "network",
      "provider": "provider[\"registry.terraform.io/hashicorp/google-beta\"]",
      "instances": [
        {
          "schema_version": 0,
          "attributes": {
            "auto_create_subnetworks": false,
            "bgp_always_compare_med": false,
            "bgp_best_path_selection_mode": "LEGACY",
            "bgp_inter_region_cost": "",
            "delete_default_routes_on_create": false,
            "description": "",
            "enable_ula_internal_ipv6": false,
            "gateway_ipv4": "",
            "id": "projects/corporacion-sales-prediction/global/networks/corpor-sales-vpc",
            "internal_ipv6_range": "",
            "mtu": 0,
            "name": "corpor-sales-vpc",
            "network_firewall_policy_enforcement_order": "AFTER_CLASSIC_FIREWALL",
            "network_id": "8178631205201045833",
            "network_profile": "",
            "numeric_id": "8178631205201045833",
            "project": "corporacion-sales-prediction",
            "routing_mode": "GLOBAL",
            "self_link": "https://www.googleapis.com/compute/v1/projects/corporacion-sales-prediction/global/networks/corpor-sales-vpc",
            "timeouts": null
          },
          "sensitive_attributes": [],
          "private": "eyJlMmJmYjczMC1lY2FhLTExZTYtOGY4OC0zNDM2M2JjN2M0YzAiOnsiY3JlYXRlIjoxMjAwMDAwMDAwMDAwLCJkZWxldGUiOjEyMDAwMDAwMDAwMDAsInVwZGF0ZSI6MTIwMDAwMDAwMDAwMH19",
          "dependencies": [
            "google_project_iam_member.composer_roles",
            "google_project_service.enable_composer_required_apis",
            "google_project_service.enable_resource_manager",
            "time_sleep.wait_for_composer_apis",
            "time_sleep.wait_for_roles"
          ]
        }
      ]
    }
  ],
  "check_results": null
}
